
Microsoft Visual Studio Solution File, Format Version 12.00
# Visual Studio Version 17
VisualStudioVersion = 17.11.35312.102
MinimumVisualStudioVersion = 10.0.40219.1
Project("{9A19103F-16F7-4668-BE54-9A1E7A4F7556}") = "Aspire.Terraform", "src\Aspire.Terraform\Aspire.Terraform.csproj", "{85B7F87A-67AB-441F-823E-4C48FC6C2A9A}"
EndProject
Project("{FAE04EC0-301F-11D3-BF4B-00C04F79EFBC}") = "Aspire.Terraform.Tests", "test\Aspire.Terraform.Tests\Aspire.Terraform.Tests.csproj", "{B524A154-139D-418A-8649-338855ABF065}"
EndProject
Project("{FAE04EC0-301F-11D3-BF4B-00C04F79EFBC}") = "Aspire.Hosting.Terraform", "src\Aspire.Hosting.Terraform\Aspire.Hosting.Terraform.csproj", "{506C3E9B-BF18-4175-8FE9-4EFC6CAE10FD}"
EndProject
Project("{FAE04EC0-301F-11D3-BF4B-00C04F79EFBC}") = "AzureContainerApps.AppHost", "playground\AzureContainerApps\AzureContainerApps.AppHost\AzureContainerApps.AppHost.csproj", "{6227EC7A-2ECC-4EDD-B558-FD3358556F15}"
EndProject
Project("{FAE04EC0-301F-11D3-BF4B-00C04F79EFBC}") = "AzureContainerApps.ServiceDefaults", "playground\AzureContainerApps\AzureContainerApps.ServiceDefaults\AzureContainerApps.ServiceDefaults.csproj", "{07971EF5-9CE7-AAE8-A36C-6F1A249B0CE8}"
EndProject
Project("{FAE04EC0-301F-11D3-BF4B-00C04F79EFBC}") = "AzureContainerApps.ApiService", "playground\AzureContainerApps\AzureContainerApps.ApiService\AzureContainerApps.ApiService.csproj", "{9B9FDAF7-B4FE-3056-57A0-299C16278DC3}"
EndProject
Project("{FAE04EC0-301F-11D3-BF4B-00C04F79EFBC}") = "AzureContainerApps.Web", "playground\AzureContainerApps\AzureContainerApps.Web\AzureContainerApps.Web.csproj", "{2B1FB313-769B-03BB-596C-C11EFDABE094}"
EndProject
Project("{FAE04EC0-301F-11D3-BF4B-00C04F79EFBC}") = "AzureContainerApps.Tests", "playground\AzureContainerApps\AzureContainerApps.Tests\AzureContainerApps.Tests.csproj", "{AE285522-AA8A-070E-70D1-A29556C74879}"
EndProject
Project("{2150E333-8FDC-42A3-9474-1A3956D46DE8}") = "Payground", "Payground", "{02EA681E-C7D8-13C7-8484-4AC65E1B71E8}"
EndProject
Project("{2150E333-8FDC-42A3-9474-1A3956D46DE8}") = "AzureContainerApps", "AzureContainerApps", "{ACB94181-8587-4A7C-BCD7-0A505217A68F}"
EndProject
Project("{FAE04EC0-301F-11D3-BF4B-00C04F79EFBC}") = "Aspire.Hosting.Terraform.Azure", "src\Aspire.Hosting.Terraform.Azure\Aspire.Hosting.Terraform.Azure.csproj", "{50C84FDA-65F1-4DE7-ABA6-544E707348BF}"
EndProject
Project("{FAE04EC0-301F-11D3-BF4B-00C04F79EFBC}") = "Hashicorp.Cdktf.Providers.Azapi", "src\Hashicorp.Cdktf.Providers.Azapi\Hashicorp.Cdktf.Providers.Azapi.csproj", "{3C65A8D2-45C8-27FD-8725-472AFE2F20F3}"
EndProject
Global
	GlobalSection(SolutionConfigurationPlatforms) = preSolution
		Debug|Any CPU = Debug|Any CPU
		Release|Any CPU = Release|Any CPU
	EndGlobalSection
	GlobalSection(ProjectConfigurationPlatforms) = postSolution
		{85B7F87A-67AB-441F-823E-4C48FC6C2A9A}.Debug|Any CPU.ActiveCfg = Debug|Any CPU
		{85B7F87A-67AB-441F-823E-4C48FC6C2A9A}.Debug|Any CPU.Build.0 = Debug|Any CPU
		{85B7F87A-67AB-441F-823E-4C48FC6C2A9A}.Release|Any CPU.ActiveCfg = Release|Any CPU
		{85B7F87A-67AB-441F-823E-4C48FC6C2A9A}.Release|Any CPU.Build.0 = Release|Any CPU
		{B524A154-139D-418A-8649-338855ABF065}.Debug|Any CPU.ActiveCfg = Debug|Any CPU
		{B524A154-139D-418A-8649-338855ABF065}.Debug|Any CPU.Build.0 = Debug|Any CPU
		{B524A154-139D-418A-8649-338855ABF065}.Release|Any CPU.ActiveCfg = Release|Any CPU
		{B524A154-139D-418A-8649-338855ABF065}.Release|Any CPU.Build.0 = Release|Any CPU
		{506C3E9B-BF18-4175-8FE9-4EFC6CAE10FD}.Debug|Any CPU.ActiveCfg = Debug|Any CPU
		{506C3E9B-BF18-4175-8FE9-4EFC6CAE10FD}.Debug|Any CPU.Build.0 = Debug|Any CPU
		{506C3E9B-BF18-4175-8FE9-4EFC6CAE10FD}.Release|Any CPU.ActiveCfg = Release|Any CPU
		{506C3E9B-BF18-4175-8FE9-4EFC6CAE10FD}.Release|Any CPU.Build.0 = Release|Any CPU
		{6227EC7A-2ECC-4EDD-B558-FD3358556F15}.Debug|Any CPU.ActiveCfg = Debug|Any CPU
		{6227EC7A-2ECC-4EDD-B558-FD3358556F15}.Debug|Any CPU.Build.0 = Debug|Any CPU
		{6227EC7A-2ECC-4EDD-B558-FD3358556F15}.Release|Any CPU.ActiveCfg = Release|Any CPU
		{6227EC7A-2ECC-4EDD-B558-FD3358556F15}.Release|Any CPU.Build.0 = Release|Any CPU
		{07971EF5-9CE7-AAE8-A36C-6F1A249B0CE8}.Debug|Any CPU.ActiveCfg = Debug|Any CPU
		{07971EF5-9CE7-AAE8-A36C-6F1A249B0CE8}.Debug|Any CPU.Build.0 = Debug|Any CPU
		{07971EF5-9CE7-AAE8-A36C-6F1A249B0CE8}.Release|Any CPU.ActiveCfg = Release|Any CPU
		{07971EF5-9CE7-AAE8-A36C-6F1A249B0CE8}.Release|Any CPU.Build.0 = Release|Any CPU
		{9B9FDAF7-B4FE-3056-57A0-299C16278DC3}.Debug|Any CPU.ActiveCfg = Debug|Any CPU
		{9B9FDAF7-B4FE-3056-57A0-299C16278DC3}.Debug|Any CPU.Build.0 = Debug|Any CPU
		{9B9FDAF7-B4FE-3056-57A0-299C16278DC3}.Release|Any CPU.ActiveCfg = Release|Any CPU
		{9B9FDAF7-B4FE-3056-57A0-299C16278DC3}.Release|Any CPU.Build.0 = Release|Any CPU
		{2B1FB313-769B-03BB-596C-C11EFDABE094}.Debug|Any CPU.ActiveCfg = Debug|Any CPU
		{2B1FB313-769B-03BB-596C-C11EFDABE094}.Debug|Any CPU.Build.0 = Debug|Any CPU
		{2B1FB313-769B-03BB-596C-C11EFDABE094}.Release|Any CPU.ActiveCfg = Release|Any CPU
		{2B1FB313-769B-03BB-596C-C11EFDABE094}.Release|Any CPU.Build.0 = Release|Any CPU
		{AE285522-AA8A-070E-70D1-A29556C74879}.Debug|Any CPU.ActiveCfg = Debug|Any CPU
		{AE285522-AA8A-070E-70D1-A29556C74879}.Debug|Any CPU.Build.0 = Debug|Any CPU
		{AE285522-AA8A-070E-70D1-A29556C74879}.Release|Any CPU.ActiveCfg = Release|Any CPU
		{AE285522-AA8A-070E-70D1-A29556C74879}.Release|Any CPU.Build.0 = Release|Any CPU
		{50C84FDA-65F1-4DE7-ABA6-544E707348BF}.Debug|Any CPU.ActiveCfg = Debug|Any CPU
		{50C84FDA-65F1-4DE7-ABA6-544E707348BF}.Debug|Any CPU.Build.0 = Debug|Any CPU
		{50C84FDA-65F1-4DE7-ABA6-544E707348BF}.Release|Any CPU.ActiveCfg = Release|Any CPU
		{50C84FDA-65F1-4DE7-ABA6-544E707348BF}.Release|Any CPU.Build.0 = Release|Any CPU
		{3C65A8D2-45C8-27FD-8725-472AFE2F20F3}.Debug|Any CPU.ActiveCfg = Debug|Any CPU
		{3C65A8D2-45C8-27FD-8725-472AFE2F20F3}.Debug|Any CPU.Build.0 = Debug|Any CPU
		{3C65A8D2-45C8-27FD-8725-472AFE2F20F3}.Release|Any CPU.ActiveCfg = Release|Any CPU
		{3C65A8D2-45C8-27FD-8725-472AFE2F20F3}.Release|Any CPU.Build.0 = Release|Any CPU
	EndGlobalSection
	GlobalSection(SolutionProperties) = preSolution
		HideSolutionNode = FALSE
	EndGlobalSection
	GlobalSection(NestedProjects) = preSolution
		{6227EC7A-2ECC-4EDD-B558-FD3358556F15} = {ACB94181-8587-4A7C-BCD7-0A505217A68F}
		{07971EF5-9CE7-AAE8-A36C-6F1A249B0CE8} = {ACB94181-8587-4A7C-BCD7-0A505217A68F}
		{9B9FDAF7-B4FE-3056-57A0-299C16278DC3} = {ACB94181-8587-4A7C-BCD7-0A505217A68F}
		{2B1FB313-769B-03BB-596C-C11EFDABE094} = {ACB94181-8587-4A7C-BCD7-0A505217A68F}
		{AE285522-AA8A-070E-70D1-A29556C74879} = {ACB94181-8587-4A7C-BCD7-0A505217A68F}
		{ACB94181-8587-4A7C-BCD7-0A505217A68F} = {02EA681E-C7D8-13C7-8484-4AC65E1B71E8}
	EndGlobalSection
	GlobalSection(ExtensibilityGlobals) = postSolution
		SolutionGuid = {70A19CF0-783D-470F-848A-AEA8419ADD31}
	EndGlobalSection
EndGlobal
